
Microsoft Visual Studio Solution File, Format Version 12.00
# Visual Studio 15
Project("{FAE04EC0-301F-11D3-BF4B-00C04F79EFBC}") = "Assembly-CSharp", "Assembly-CSharp.csproj", "{D19EADA6-8953-A88D-7896-F61420240126}"
EndProject
Project("{FAE04EC0-301F-11D3-BF4B-00C04F79EFBC}") = "Assembly-CSharp-Editor", "Assembly-CSharp-Editor.csproj", "{6DF2C7E3-CEF3-B7F7-35CE-0B328EB76DB3}"
EndProject
Global
	GlobalSection(SolutionConfigurationPlatforms) = preSolution
		Debug|Any CPU = Debug|Any CPU
		Release|Any CPU = Release|Any CPU
	EndGlobalSection
	GlobalSection(ProjectConfigurationPlatforms) = postSolution
		{D19EADA6-8953-A88D-7896-F61420240126}.Debug|Any CPU.ActiveCfg = Debug|Any CPU
		{D19EADA6-8953-A88D-7896-F61420240126}.Debug|Any CPU.Build.0 = Debug|Any CPU
		{D19EADA6-8953-A88D-7896-F61420240126}.Release|Any CPU.ActiveCfg = Release|Any CPU
		{D19EADA6-8953-A88D-7896-F61420240126}.Release|Any CPU.Build.0 = Release|Any CPU
		{6DF2C7E3-CEF3-B7F7-35CE-0B328EB76DB3}.Debug|Any CPU.ActiveCfg = Debug|Any CPU
		{6DF2C7E3-CEF3-B7F7-35CE-0B328EB76DB3}.Debug|Any CPU.Build.0 = Debug|Any CPU
		{6DF2C7E3-CEF3-B7F7-35CE-0B328EB76DB3}.Release|Any CPU.ActiveCfg = Release|Any CPU
		{6DF2C7E3-CEF3-B7F7-35CE-0B328EB76DB3}.Release|Any CPU.Build.0 = Release|Any CPU
	EndGlobalSection
	GlobalSection(SolutionProperties) = preSolution
		HideSolutionNode = FALSE
	EndGlobalSection
EndGlobal
